
Microsoft Visual Studio Solution File, Format Version 12.00
# Visual Studio 15
VisualStudioVersion = 15.0.26730.12
MinimumVisualStudioVersion = 10.0.40219.1
Project("{FAE04EC0-301F-11D3-BF4B-00C04F79EFBC}") = "FarkleTDDDemo", "FarkleTDDDemo\FarkleTDDDemo.csproj", "{FEB37C74-D413-4F7B-BF9F-D75E04806A8F}"
EndProject
Global
	GlobalSection(SolutionConfigurationPlatforms) = preSolution
		Debug|Any CPU = Debug|Any CPU
		Release|Any CPU = Release|Any CPU
	EndGlobalSection
	GlobalSection(ProjectConfigurationPlatforms) = postSolution
		{FEB37C74-D413-4F7B-BF9F-D75E04806A8F}.Debug|Any CPU.ActiveCfg = Debug|Any CPU
		{FEB37C74-D413-4F7B-BF9F-D75E04806A8F}.Debug|Any CPU.Build.0 = Debug|Any CPU
		{FEB37C74-D413-4F7B-BF9F-D75E04806A8F}.Release|Any CPU.ActiveCfg = Release|Any CPU
		{FEB37C74-D413-4F7B-BF9F-D75E04806A8F}.Release|Any CPU.Build.0 = Release|Any CPU
	EndGlobalSection
	GlobalSection(SolutionProperties) = preSolution
		HideSolutionNode = FALSE
	EndGlobalSection
	GlobalSection(ExtensibilityGlobals) = postSolution
		SolutionGuid = {8B70492F-3059-4F68-BFF0-1579C3966E1C}
	EndGlobalSection
EndGlobal
